{
  "name": "hexo-tag-bootstrap",
  "version": "0.2.2",
  "lockfileVersion": 3,
  "requires": true,
  "packages": {
    "": {
      "name": "hexo-tag-bootstrap",
      "version": "0.2.2",
      "dependencies": {
        "hexo-tag-bootstrap": "file:"
      }
    },
    "node_modules/hexo-tag-bootstrap": {
      "resolved": "",
      "link": true
    }
  }
}
